
Microsoft Visual Studio Solution File, Format Version 12.00
# Visual Studio 15
VisualStudioVersion = 15.0.27428.2002
MinimumVisualStudioVersion = 10.0.40219.1
Project("{FAE04EC0-301F-11D3-BF4B-00C04F79EFBC}") = "FitnessFrogWeb", "FitnessFrogWeb\FitnessFrogWeb.csproj", "{86380890-3577-47CC-87E9-67A713C3497F}"
EndProject
Project("{FAE04EC0-301F-11D3-BF4B-00C04F79EFBC}") = "FitnessFrogWeb.Tests", "FitnessFrogWeb.Tests\FitnessFrogWeb.Tests.csproj", "{79012635-B0DF-429D-B252-550E9B273C56}"
EndProject
Global
	GlobalSection(SolutionConfigurationPlatforms) = preSolution
		Debug|Any CPU = Debug|Any CPU
		Release|Any CPU = Release|Any CPU
	EndGlobalSection
	GlobalSection(ProjectConfigurationPlatforms) = postSolution
		{86380890-3577-47CC-87E9-67A713C3497F}.Debug|Any CPU.ActiveCfg = Debug|Any CPU
		{86380890-3577-47CC-87E9-67A713C3497F}.Debug|Any CPU.Build.0 = Debug|Any CPU
		{86380890-3577-47CC-87E9-67A713C3497F}.Release|Any CPU.ActiveCfg = Release|Any CPU
		{86380890-3577-47CC-87E9-67A713C3497F}.Release|Any CPU.Build.0 = Release|Any CPU
		{79012635-B0DF-429D-B252-550E9B273C56}.Debug|Any CPU.ActiveCfg = Debug|Any CPU
		{79012635-B0DF-429D-B252-550E9B273C56}.Debug|Any CPU.Build.0 = Debug|Any CPU
		{79012635-B0DF-429D-B252-550E9B273C56}.Release|Any CPU.ActiveCfg = Release|Any CPU
		{79012635-B0DF-429D-B252-550E9B273C56}.Release|Any CPU.Build.0 = Release|Any CPU
	EndGlobalSection
	GlobalSection(SolutionProperties) = preSolution
		HideSolutionNode = FALSE
	EndGlobalSection
	GlobalSection(ExtensibilityGlobals) = postSolution
		SolutionGuid = {9198A764-35F9-4A55-B903-7C3C5B9F69C5}
	EndGlobalSection
EndGlobal
